
Microsoft Visual Studio Solution File, Format Version 12.00
# Visual Studio Version 16
VisualStudioVersion = 16.0.31025.194
MinimumVisualStudioVersion = 10.0.40219.1
Project("{FAE04EC0-301F-11D3-BF4B-00C04F79EFBC}") = "FlyingBugs", "FlyingBugs.csproj", "{0792C00E-01A9-4F72-BDA8-E304A2EB63B8}"
EndProject
Global
	GlobalSection(SolutionConfigurationPlatforms) = preSolution
		Debug|Any CPU = Debug|Any CPU
		Release|Any CPU = Release|Any CPU
	EndGlobalSection
	GlobalSection(ProjectConfigurationPlatforms) = postSolution
		{0792C00E-01A9-4F72-BDA8-E304A2EB63B8}.Debug|Any CPU.ActiveCfg = Debug|Any CPU
		{0792C00E-01A9-4F72-BDA8-E304A2EB63B8}.Debug|Any CPU.Build.0 = Debug|Any CPU
		{0792C00E-01A9-4F72-BDA8-E304A2EB63B8}.Release|Any CPU.ActiveCfg = Release|Any CPU
		{0792C00E-01A9-4F72-BDA8-E304A2EB63B8}.Release|Any CPU.Build.0 = Release|Any CPU
	EndGlobalSection
	GlobalSection(SolutionProperties) = preSolution
		HideSolutionNode = FALSE
	EndGlobalSection
	GlobalSection(ExtensibilityGlobals) = postSolution
		SolutionGuid = {EA7110E2-4286-4E30-AA3B-36EB208B136C}
	EndGlobalSection
EndGlobal
